
Microsoft Visual Studio Solution File, Format Version 12.00
# Visual Studio Version 17
VisualStudioVersion = 17.13.35931.197
MinimumVisualStudioVersion = 10.0.40219.1
Project("{FAE04EC0-301F-11D3-BF4B-00C04F79EFBC}") = "Wdc.Sales.Gateway", "Wdc.Sales.Gateway\Wdc.Sales.Gateway.csproj", "{9DB19B1D-6217-4613-8654-976B0EC984F9}"
EndProject
Project("{FAE04EC0-301F-11D3-BF4B-00C04F79EFBC}") = "Wdc.Sales.Users.Api", "Wdc.Sales.Users.Api\Wdc.Sales.Users.Api.csproj", "{51E858F1-A966-4FE8-80A1-EC2F38024AAB}"
EndProject
Project("{FAE04EC0-301F-11D3-BF4B-00C04F79EFBC}") = "Wdc.Sales.Orders.Api", "Wdc.Sales.Orders.Api\Wdc.Sales.Orders.Api.csproj", "{E889E71D-1FCF-4906-9C92-399771701CEF}"
EndProject
Project("{FAE04EC0-301F-11D3-BF4B-00C04F79EFBC}") = "Wdc.Sales.Products.Api", "Wdc.Sales.Products.Api\Wdc.Sales.Products.Api.csproj", "{1FAB4D68-BEB3-4474-9139-C5BE37B413C8}"
EndProject
Project("{FAE04EC0-301F-11D3-BF4B-00C04F79EFBC}") = "Wdc.Sales.Payments.Api", "Wdc.Sales.Payments.Api\Wdc.Sales.Payments.Api.csproj", "{080401E2-C04A-415F-B210-389D80FBE82B}"
EndProject
Project("{2150E333-8FDC-42A3-9474-1A3956D46DE8}") = "Solution Items", "Solution Items", "{8EC462FD-D22E-90A8-E5CE-7E832BA40C5D}"
	ProjectSection(SolutionItems) = preProject
		docker-compose.yml = docker-compose.yml
	EndProjectSection
EndProject
Global
	GlobalSection(SolutionConfigurationPlatforms) = preSolution
		Debug|Any CPU = Debug|Any CPU
		Release|Any CPU = Release|Any CPU
	EndGlobalSection
	GlobalSection(ProjectConfigurationPlatforms) = postSolution
		{9DB19B1D-6217-4613-8654-976B0EC984F9}.Debug|Any CPU.ActiveCfg = Debug|Any CPU
		{9DB19B1D-6217-4613-8654-976B0EC984F9}.Debug|Any CPU.Build.0 = Debug|Any CPU
		{9DB19B1D-6217-4613-8654-976B0EC984F9}.Release|Any CPU.ActiveCfg = Release|Any CPU
		{9DB19B1D-6217-4613-8654-976B0EC984F9}.Release|Any CPU.Build.0 = Release|Any CPU
		{51E858F1-A966-4FE8-80A1-EC2F38024AAB}.Debug|Any CPU.ActiveCfg = Debug|Any CPU
		{51E858F1-A966-4FE8-80A1-EC2F38024AAB}.Debug|Any CPU.Build.0 = Debug|Any CPU
		{51E858F1-A966-4FE8-80A1-EC2F38024AAB}.Release|Any CPU.ActiveCfg = Release|Any CPU
		{51E858F1-A966-4FE8-80A1-EC2F38024AAB}.Release|Any CPU.Build.0 = Release|Any CPU
		{E889E71D-1FCF-4906-9C92-399771701CEF}.Debug|Any CPU.ActiveCfg = Debug|Any CPU
		{E889E71D-1FCF-4906-9C92-399771701CEF}.Debug|Any CPU.Build.0 = Debug|Any CPU
		{E889E71D-1FCF-4906-9C92-399771701CEF}.Release|Any CPU.ActiveCfg = Release|Any CPU
		{E889E71D-1FCF-4906-9C92-399771701CEF}.Release|Any CPU.Build.0 = Release|Any CPU
		{1FAB4D68-BEB3-4474-9139-C5BE37B413C8}.Debug|Any CPU.ActiveCfg = Debug|Any CPU
		{1FAB4D68-BEB3-4474-9139-C5BE37B413C8}.Debug|Any CPU.Build.0 = Debug|Any CPU
		{1FAB4D68-BEB3-4474-9139-C5BE37B413C8}.Release|Any CPU.ActiveCfg = Release|Any CPU
		{1FAB4D68-BEB3-4474-9139-C5BE37B413C8}.Release|Any CPU.Build.0 = Release|Any CPU
		{080401E2-C04A-415F-B210-389D80FBE82B}.Debug|Any CPU.ActiveCfg = Debug|Any CPU
		{080401E2-C04A-415F-B210-389D80FBE82B}.Debug|Any CPU.Build.0 = Debug|Any CPU
		{080401E2-C04A-415F-B210-389D80FBE82B}.Release|Any CPU.ActiveCfg = Release|Any CPU
		{080401E2-C04A-415F-B210-389D80FBE82B}.Release|Any CPU.Build.0 = Release|Any CPU
	EndGlobalSection
	GlobalSection(SolutionProperties) = preSolution
		HideSolutionNode = FALSE
	EndGlobalSection
	GlobalSection(ExtensibilityGlobals) = postSolution
		SolutionGuid = {AFA8BBBD-FDA7-4A23-A769-62AC68506153}
	EndGlobalSection
EndGlobal
